
Microsoft Visual Studio Solution File, Format Version 12.00
# Visual Studio Version 17
VisualStudioVersion = 17.5.33209.295
MinimumVisualStudioVersion = 10.0.40219.1
Project("{FAE04EC0-301F-11D3-BF4B-00C04F79EFBC}") = "HowUsingWorks", "HowUsingWorks\HowUsingWorks.csproj", "{47EB27D3-1A0C-4D63-9E9E-07DCFC6CC3F2}"
EndProject
Global
	GlobalSection(SolutionConfigurationPlatforms) = preSolution
		Debug|Any CPU = Debug|Any CPU
		Release|Any CPU = Release|Any CPU
	EndGlobalSection
	GlobalSection(ProjectConfigurationPlatforms) = postSolution
		{47EB27D3-1A0C-4D63-9E9E-07DCFC6CC3F2}.Debug|Any CPU.ActiveCfg = Debug|Any CPU
		{47EB27D3-1A0C-4D63-9E9E-07DCFC6CC3F2}.Debug|Any CPU.Build.0 = Debug|Any CPU
		{47EB27D3-1A0C-4D63-9E9E-07DCFC6CC3F2}.Release|Any CPU.ActiveCfg = Release|Any CPU
		{47EB27D3-1A0C-4D63-9E9E-07DCFC6CC3F2}.Release|Any CPU.Build.0 = Release|Any CPU
	EndGlobalSection
	GlobalSection(SolutionProperties) = preSolution
		HideSolutionNode = FALSE
	EndGlobalSection
	GlobalSection(ExtensibilityGlobals) = postSolution
		SolutionGuid = {A6B9C369-599B-4868-902F-9162B4B7F01D}
	EndGlobalSection
EndGlobal
